schema: '2.0'
stages:
  data_ingestion:
    cmd: python src/cnnClassifier/pipeline/stage_01_data_ingestion.py
    deps:
    - path: config/config.yaml
      hash: md5
      md5: 662614c0ce385fe1f525da7bde222101
      size: 797
    - path: src/cnnClassifier/pipeline/stage_01_data_ingestion.py
      hash: md5
      md5: d6ea0e68df2fcbf2ba750ab08f922484
      size: 1048
    outs:
    - path: artifacts/data_ingestion/Chicken-fecal-images
      hash: md5
      md5: 9e1f8dd2eae3c29e9d635df89d438ae4.dir
      size: 12207807
      nfiles: 390
  prepare_base_model:
    cmd: python src/cnnClassifier/pipeline/stage_02_prepare_base_model.py
    deps:
    - path: config/config.yaml
      hash: md5
      md5: 662614c0ce385fe1f525da7bde222101
      size: 797
    - path: src/cnnClassifier/pipeline/stage_02_prepare_base_model.py
      hash: md5
      md5: d84c27148654e99492cd40cc8b863f8c
      size: 1072
    params:
      params.yaml:
        CLASSES: 2
        IMAGE_SIZE:
        - 224
        - 224
        - 3
        INCLUDE_TOP: false
        LEARNING_RATE: 0.01
        WEIGHTS: imagenet
    outs:
    - path: artifacts/prepare_base_model
      hash: md5
      md5: d875f32291651caaa2a0812294d2aa13.dir
      size: 118073512
      nfiles: 2
  training:
    cmd: python src/cnnClassifier/pipeline/stage_03_training.py
    deps:
    - path: artifacts/data_ingestion/Chicken-fecal-images
      hash: md5
      md5: 9e1f8dd2eae3c29e9d635df89d438ae4.dir
      size: 12207807
      nfiles: 390
    - path: artifacts/prepare_base_model
      hash: md5
      md5: d875f32291651caaa2a0812294d2aa13.dir
      size: 118073512
      nfiles: 2
    - path: config/config.yaml
      hash: md5
      md5: 662614c0ce385fe1f525da7bde222101
      size: 797
    - path: src/cnnClassifier/components/prepare_callbacks.py
      hash: md5
      md5: 4533bab7a649f760f6c57293e4bcd45d
      size: 997
    - path: src/cnnClassifier/pipeline/stage_03_training.py
      hash: md5
      md5: 94be959471d3dc18173eab0367f14e4d
      size: 1218
    params:
      params.yaml:
        AUGMENTATION: true
        BATCH_SIZE: 16
        EPOCHS: 1
        IMAGE_SIZE:
        - 224
        - 224
        - 3
    outs:
    - path: artifacts/training/model.h5
      hash: md5
      md5: 4eb32cd8007371b2c9a0964a77aad129
      size: 59147448
  evaluation:
    cmd: python src/cnnClassifier/pipeline/stage_04_evaluation.py
    deps:
    - path: artifacts/data_ingestion/Chicken-fecal-images
      hash: md5
      md5: 9e1f8dd2eae3c29e9d635df89d438ae4.dir
      size: 12207807
      nfiles: 390
    - path: artifacts/training/model.h5
      hash: md5
      md5: 4eb32cd8007371b2c9a0964a77aad129
      size: 59147448
    - path: config/config.yaml
      hash: md5
      md5: 662614c0ce385fe1f525da7bde222101
      size: 797
    - path: src/cnnClassifier/pipeline/stage_04_evaluation.py
      hash: md5
      md5: dc8e7217fca503a9323b914c1fb0d103
      size: 814
    params:
      params.yaml:
        BATCH_SIZE: 16
        IMAGE_SIZE:
        - 224
        - 224
        - 3
    outs:
    - path: scores.json
      hash: md5
      md5: fd03d6cfdfc1c6b3da31b16c580601fb
      size: 69
